{
    "_readme": [
        "This file locks the dependencies of your project to a known state",
        "Read more about it at https://getcomposer.org/doc/01-basic-usage.md#installing-dependencies",
        "This file is @generated automatically"
    ],
    "content-hash": "6329f547a8eab82323f51af7f1cc1870",
    "packages": [
        {
            "name": "chamilo/pclzip",
            "version": "v2.8.4",
            "source": {
                "type": "git",
                "url": "https://github.com/chamilo/pclzip.git",
                "reference": "b94b7a190e186a31bd37f21be3a83a48c7d6b49a"
            },
            "dist": {
                "type": "zip",
                "url": "https://api.github.com/repos/chamilo/pclzip/zipball/b94b7a190e186a31bd37f21be3a83a48c7d6b49a",
                "reference": "b94b7a190e186a31bd37f21be3a83a48c7d6b49a",
                "shasum": ""
            },
            "replace": {
                "pclzip/pclzip": "^2.8"
            },
            "type": "library",
            "autoload": {
                "classmap": [
                    "pclzip.lib.php"
                ]
            },
            "notification-url": "https://packagist.org/downloads/",
            "license": [
                "LGPL-2.1"
            ],
            "authors": [
                {
                    "name": "Vincent Blavet"
                }
            ],
            "description": "A PHP library that offers compression and extraction functions for Zip formatted archives",
            "homepage": "https://github.com/chamilo/pclzip",
            "keywords": [
                "php",
                "zip"
            ],
            "time": "2017-11-28T22:14:11+00:00"
        },
        {
            "name": "simplepie/simplepie",
            "version": "1.5.4",
            "source": {
                "type": "git",
                "url": "https://github.com/simplepie/simplepie.git",
                "reference": "f4c8246511a38fc9d99a59fb42f61eeeafb31663"
            },
            "dist": {
                "type": "zip",
                "url": "https://api.github.com/repos/simplepie/simplepie/zipball/f4c8246511a38fc9d99a59fb42f61eeeafb31663",
                "reference": "f4c8246511a38fc9d99a59fb42f61eeeafb31663",
                "shasum": ""
            },
            "require": {
                "ext-pcre": "*",
                "ext-xml": "*",
                "ext-xmlreader": "*",
                "php": ">=5.6.0"
            },
            "require-dev": {
                "phpunit/phpunit": "~5.4.3 || ~6.5"
            },
            "suggest": {
                "ext-curl": "",
                "ext-iconv": "",
                "ext-intl": "",
                "ext-mbstring": "",
                "mf2/mf2": "Microformat module that allows for parsing HTML for microformats"
            },
            "type": "library",
            "autoload": {
                "psr-0": {
                    "SimplePie": "library"
                }
            },
            "notification-url": "https://packagist.org/downloads/",
            "license": [
                "BSD-3-Clause"
            ],
            "authors": [
                {
                    "name": "Ryan Parman",
                    "homepage": "http://ryanparman.com/",
                    "role": "Creator, alumnus developer"
                },
                {
                    "name": "Geoffrey Sneddon",
                    "homepage": "http://gsnedders.com/",
                    "role": "Alumnus developer"
                },
                {
                    "name": "Ryan McCue",
                    "email": "me@ryanmccue.info",
                    "homepage": "http://ryanmccue.info/",
                    "role": "Developer"
                }
            ],
            "description": "A simple Atom/RSS parsing library for PHP",
            "homepage": "http://simplepie.org/",
            "keywords": [
                "atom",
                "feeds",
                "rss"
            ],
            "time": "2019-11-23T07:05:15+00:00"
        }
    ],
    "packages-dev": [],
    "aliases": [],
    "minimum-stability": "stable",
    "stability-flags": [],
    "prefer-stable": false,
    "prefer-lowest": false,
    "platform": [],
    "platform-dev": [],
    "plugin-api-version": "1.1.0"
}
